{
  "name": "jupyterlab-viewer-3d",
  "version": "0.1.0",
  "lockfileVersion": 1,
  "requires": true,
  "dependencies": {
    "@jupyterlab/rendermime-interfaces": {
      "version": "2.0.0-rc.0",
      "resolved": "https://registry.npmjs.org/@jupyterlab/rendermime-interfaces/-/rendermime-interfaces-2.0.0-rc.0.tgz",
      "integrity": "sha512-WsJHe2MUt9dBSp/6X+qsl0vrfM7JtvbHsC1rkcFGFc1chNVDEIgY8+6r/Zd6PyvPh5yWbU0muE2jLNT+E7YCuA==",
      "requires": {
        "@lumino/coreutils": "^1.4.2",
        "@lumino/widgets": "^1.10.2"
      }
    },
    "@lumino/algorithm": {
      "version": "1.2.3",
      "resolved": "https://registry.npmjs.org/@lumino/algorithm/-/algorithm-1.2.3.tgz",
      "integrity": "sha512-XBJ/homcm7o8Y9G6MzYvf0FF7SVqUCzvkIO01G2mZhCOnkZZhZ9c4uNOcE2VjSHNxHv2WU0l7d8rdhyKhmet+A=="
    },
    "@lumino/collections": {
      "version": "1.2.3",
      "resolved": "https://registry.npmjs.org/@lumino/collections/-/collections-1.2.3.tgz",
      "integrity": "sha512-lrSTb7kru/w8xww8qWqHHhHO3GkoQeXST2oNkOEbWNEO4wuBIHoKPSOmXpUwu58UykBUfd5hL5wbkeTzyNMONg==",
      "requires": {
        "@lumino/algorithm": "^1.2.3"
      }
    },
    "@lumino/commands": {
      "version": "1.10.0",
      "resolved": "https://registry.npmjs.org/@lumino/commands/-/commands-1.10.0.tgz",
      "integrity": "sha512-dfZ2GXSWT6BKaj4IVp59bXcmjlIT5mFA6jyFDU0I6mAK0WFB53afS/RK9qvg9Lw4OvOtvzzZPDpOHIUY3Hjlbw==",
      "requires": {
        "@lumino/algorithm": "^1.2.3",
        "@lumino/coreutils": "^1.4.2",
        "@lumino/disposable": "^1.3.4",
        "@lumino/domutils": "^1.1.7",
        "@lumino/keyboard": "^1.1.6",
        "@lumino/signaling": "^1.3.4",
        "@lumino/virtualdom": "^1.6.0"
      }
    },
    "@lumino/coreutils": {
      "version": "1.4.2",
      "resolved": "https://registry.npmjs.org/@lumino/coreutils/-/coreutils-1.4.2.tgz",
      "integrity": "sha512-SmQ4YDANe25rZd0bLoW7LVAHmgySjkrJmyNPnPW0GrpBt2u4/6D+EQJ8PCCMNWuJvrljBCdlmgOFsT38qYhfcw=="
    },
    "@lumino/disposable": {
      "version": "1.3.4",
      "resolved": "https://registry.npmjs.org/@lumino/disposable/-/disposable-1.3.4.tgz",
      "integrity": "sha512-SzePyYNfR9khvjjHrieGnL2b3W7l0X7Bn2Il5VJ3R017aY5DTLr9qOBrgmCXkjmKiYPR65oLkUqPCqSTbAXb0w==",
      "requires": {
        "@lumino/algorithm": "^1.2.3",
        "@lumino/signaling": "^1.3.4"
      }
    },
    "@lumino/domutils": {
      "version": "1.1.7",
      "resolved": "https://registry.npmjs.org/@lumino/domutils/-/domutils-1.1.7.tgz",
      "integrity": "sha512-NPysY8XfpCvLNvDe+z1caIUPxOLXWRPQMUAjOj/EhggRyXadan6Lm/5uO6M9S5gW/v9QUXT4+1Sxe3WXz0nRCA=="
    },
    "@lumino/dragdrop": {
      "version": "1.5.0",
      "resolved": "https://registry.npmjs.org/@lumino/dragdrop/-/dragdrop-1.5.0.tgz",
      "integrity": "sha512-jyLhRwGguM12LNjNJ+Cb78/WGqwAiNFrQuPr/RyxInbetJsTrhj27K9+OYVLLu3vU7CdnsLHlY1h3b4py63mUQ==",
      "requires": {
        "@lumino/coreutils": "^1.4.2",
        "@lumino/disposable": "^1.3.4"
      }
    },
    "@lumino/keyboard": {
      "version": "1.1.6",
      "resolved": "https://registry.npmjs.org/@lumino/keyboard/-/keyboard-1.1.6.tgz",
      "integrity": "sha512-W6pqe0TXRfGOoz1ZK1PRmuGZUWpmdoJArrzwmduUf0t2r06yl56S7w76gxrB7ExTidNPPaOWydGIosPgdgZf5A=="
    },
    "@lumino/messaging": {
      "version": "1.3.3",
      "resolved": "https://registry.npmjs.org/@lumino/messaging/-/messaging-1.3.3.tgz",
      "integrity": "sha512-J+0m1aywl64I9/dr9fzE9IwC+eq90T5gUi1hCXP1MFnZh4aLUymmRV5zFw1CNh/vYlNnEu72xxEuhfCfuhiy8g==",
      "requires": {
        "@lumino/algorithm": "^1.2.3",
        "@lumino/collections": "^1.2.3"
      }
    },
    "@lumino/properties": {
      "version": "1.1.6",
      "resolved": "https://registry.npmjs.org/@lumino/properties/-/properties-1.1.6.tgz",
      "integrity": "sha512-QnZa1IB7sr4Tawf0OKvwgZAptxDRK7DUAMJ71zijXNXH4FlxyThzOWXef51HHFsISKYa8Rn3rysOwtc62XkmXw=="
    },
    "@lumino/signaling": {
      "version": "1.3.4",
      "resolved": "https://registry.npmjs.org/@lumino/signaling/-/signaling-1.3.4.tgz",
      "integrity": "sha512-SESCQIsvmC8zSGzU+shFm9f7HgFWeQPQP/b6Mp7/VM6utjjt6FLAnju9cIAWKxVqNafc9lMbjHh5YPpSvOI/fg==",
      "requires": {
        "@lumino/algorithm": "^1.2.3"
      }
    },
    "@lumino/virtualdom": {
      "version": "1.6.0",
      "resolved": "https://registry.npmjs.org/@lumino/virtualdom/-/virtualdom-1.6.0.tgz",
      "integrity": "sha512-Qc8F4KX/M2eHz91UY8VxXV/k311K1w4YH1MPOxHnOsi5tEBkmWZwpIvYqugj0Ak5sdr1WlQl28uQDHg68G1Nog==",
      "requires": {
        "@lumino/algorithm": "^1.2.3"
      }
    },
    "@lumino/widgets": {
      "version": "1.11.0",
      "resolved": "https://registry.npmjs.org/@lumino/widgets/-/widgets-1.11.0.tgz",
      "integrity": "sha512-PlWf8OU1UmRdTkpmEqjR3egseSepyyJl2lgetSs1B6NDSxnaymH9qI2IFhDOpWm8f3dAg2GIDCITZkvq8k3v/w==",
      "requires": {
        "@lumino/algorithm": "^1.2.3",
        "@lumino/commands": "^1.10.0",
        "@lumino/coreutils": "^1.4.2",
        "@lumino/disposable": "^1.3.4",
        "@lumino/domutils": "^1.1.7",
        "@lumino/dragdrop": "^1.5.0",
        "@lumino/keyboard": "^1.1.6",
        "@lumino/messaging": "^1.3.3",
        "@lumino/properties": "^1.1.6",
        "@lumino/signaling": "^1.3.4",
        "@lumino/virtualdom": "^1.6.0"
      }
    },
    "@types/prop-types": {
      "version": "15.7.3",
      "resolved": "https://registry.npmjs.org/@types/prop-types/-/prop-types-15.7.3.tgz",
      "integrity": "sha512-KfRL3PuHmqQLOG+2tGpRO26Ctg+Cq1E01D2DMriKEATHgWLfeNDmq9e29Q9WIky0dQ3NPkd1mzYH8Lm936Z9qw==",
      "dev": true
    },
    "@types/react": {
      "version": "16.9.19",
      "resolved": "https://registry.npmjs.org/@types/react/-/react-16.9.19.tgz",
      "integrity": "sha512-LJV97//H+zqKWMms0kvxaKYJDG05U2TtQB3chRLF8MPNs+MQh/H1aGlyDUxjaHvu08EAGerdX2z4LTBc7ns77A==",
      "dev": true,
      "requires": {
        "@types/prop-types": "*",
        "csstype": "^2.2.0"
      }
    },
    "balanced-match": {
      "version": "1.0.0",
      "resolved": "https://registry.npmjs.org/balanced-match/-/balanced-match-1.0.0.tgz",
      "integrity": "sha1-ibTRmasr7kneFk6gK4nORi1xt2c=",
      "dev": true
    },
    "brace-expansion": {
      "version": "1.1.11",
      "resolved": "https://registry.npmjs.org/brace-expansion/-/brace-expansion-1.1.11.tgz",
      "integrity": "sha512-iCuPHDFgrHX7H2vEI/5xpz07zSHB00TpugqhmYtVmMO6518mCuRMoOYFldEBl0g187ufozdaHgWKcYFb61qGiA==",
      "dev": true,
      "requires": {
        "balanced-match": "^1.0.0",
        "concat-map": "0.0.1"
      }
    },
    "concat-map": {
      "version": "0.0.1",
      "resolved": "https://registry.npmjs.org/concat-map/-/concat-map-0.0.1.tgz",
      "integrity": "sha1-2Klr13/Wjfd5OnMDajug1UBdR3s=",
      "dev": true
    },
    "csstype": {
      "version": "2.6.9",
      "resolved": "https://registry.npmjs.org/csstype/-/csstype-2.6.9.tgz",
      "integrity": "sha512-xz39Sb4+OaTsULgUERcCk+TJj8ylkL4aSVDQiX/ksxbELSqwkgt4d4RD7fovIdgJGSuNYqwZEiVjYY5l0ask+Q==",
      "dev": true
    },
    "fs.realpath": {
      "version": "1.0.0",
      "resolved": "https://registry.npmjs.org/fs.realpath/-/fs.realpath-1.0.0.tgz",
      "integrity": "sha1-FQStJSMVjKpA20onh8sBQRmU6k8=",
      "dev": true
    },
    "glob": {
      "version": "7.1.6",
      "resolved": "https://registry.npmjs.org/glob/-/glob-7.1.6.tgz",
      "integrity": "sha512-LwaxwyZ72Lk7vZINtNNrywX0ZuLyStrdDtabefZKAY5ZGJhVtgdznluResxNmPitE0SAO+O26sWTHeKSI2wMBA==",
      "dev": true,
      "requires": {
        "fs.realpath": "^1.0.0",
        "inflight": "^1.0.4",
        "inherits": "2",
        "minimatch": "^3.0.4",
        "once": "^1.3.0",
        "path-is-absolute": "^1.0.0"
      }
    },
    "inflight": {
      "version": "1.0.6",
      "resolved": "https://registry.npmjs.org/inflight/-/inflight-1.0.6.tgz",
      "integrity": "sha1-Sb1jMdfQLQwJvJEKEHW6gWW1bfk=",
      "dev": true,
      "requires": {
        "once": "^1.3.0",
        "wrappy": "1"
      }
    },
    "inherits": {
      "version": "2.0.4",
      "resolved": "https://registry.npmjs.org/inherits/-/inherits-2.0.4.tgz",
      "integrity": "sha512-k/vGaX4/Yla3WzyMCvTQOXYeIHvqOKtnqBduzTHpzpQZzAskKMhZ2K+EnBiSM9zGSoIFeMpXKxa4dYeZIQqewQ==",
      "dev": true
    },
    "minimatch": {
      "version": "3.0.4",
      "resolved": "https://registry.npmjs.org/minimatch/-/minimatch-3.0.4.tgz",
      "integrity": "sha512-yJHVQEhyqPLUTgt9B83PXu6W3rx4MvvHvSUvToogpwoGDOUQ+yDrR0HRot+yOCdCO7u4hX3pWft6kWBBcqh0UA==",
      "dev": true,
      "requires": {
        "brace-expansion": "^1.1.7"
      }
    },
    "once": {
      "version": "1.4.0",
      "resolved": "https://registry.npmjs.org/once/-/once-1.4.0.tgz",
      "integrity": "sha1-WDsap3WWHUsROsF9nFC6753Xa9E=",
      "dev": true,
      "requires": {
        "wrappy": "1"
      }
    },
    "path-is-absolute": {
      "version": "1.0.1",
      "resolved": "https://registry.npmjs.org/path-is-absolute/-/path-is-absolute-1.0.1.tgz",
      "integrity": "sha1-F0uSaHNVNP+8es5r9TpanhtcX18=",
      "dev": true
    },
    "rimraf": {
      "version": "2.7.1",
      "resolved": "https://registry.npmjs.org/rimraf/-/rimraf-2.7.1.tgz",
      "integrity": "sha512-uWjbaKIK3T1OSVptzX7Nl6PvQ3qAGtKEtVRjRuazjfL3Bx5eI409VZSqgND+4UNnmzLVdPj9FqFJNPqBZFve4w==",
      "dev": true,
      "requires": {
        "glob": "^7.1.3"
      }
    },
    "three": {
      "version": "0.113.2",
      "resolved": "https://registry.npmjs.org/three/-/three-0.113.2.tgz",
      "integrity": "sha512-x3vrKW41/UtbWbWduWKGlfIc043SvHWr3YltehYq+UGb9YglQ2oztNGvl2eut05JtNSmP11Mh3t6Xak5/0e+Fg=="
    },
    "typescript": {
      "version": "3.7.5",
      "resolved": "https://registry.npmjs.org/typescript/-/typescript-3.7.5.tgz",
      "integrity": "sha512-/P5lkRXkWHNAbcJIiHPfRoKqyd7bsyCma1hZNUGfn20qm64T6ZBlrzprymeu918H+mB/0rIg2gGK/BXkhhYgBw==",
      "dev": true
    },
    "wrappy": {
      "version": "1.0.2",
      "resolved": "https://registry.npmjs.org/wrappy/-/wrappy-1.0.2.tgz",
      "integrity": "sha1-tSQ9jz7BqjXxNkYFvA0QNuMKtp8=",
      "dev": true
    }
  }
}
