{
  "name": "jupyterlab-viewer-3d",
  "version": "0.1.0",
  "lockfileVersion": 1,
  "requires": true,
  "dependencies": {
    "@jupyterlab/rendermime-interfaces": {
      "version": "1.5.0",
      "resolved": "https://registry.npmjs.org/@jupyterlab/rendermime-interfaces/-/rendermime-interfaces-1.5.0.tgz",
      "integrity": "sha512-k6DjX/srKl1FA1CZyrAzz1qA2v1arXUIAmbEddZ5L3O+dnvDlOKjkI/NexaRQvmQ62aziSln+wKrr2P1JPNmGg==",
      "requires": {
        "@phosphor/coreutils": "^1.3.1",
        "@phosphor/widgets": "^1.9.0"
      }
    },
    "@phosphor/algorithm": {
      "version": "1.2.0",
      "resolved": "https://registry.npmjs.org/@phosphor/algorithm/-/algorithm-1.2.0.tgz",
      "integrity": "sha512-C9+dnjXyU2QAkWCW6QVDGExk4hhwxzAKf5/FIuYlHAI9X5vFv99PYm0EREDxX1PbMuvfFBZhPNu0PvuSDQ7sFA=="
    },
    "@phosphor/collections": {
      "version": "1.2.0",
      "resolved": "https://registry.npmjs.org/@phosphor/collections/-/collections-1.2.0.tgz",
      "integrity": "sha512-T9/0EjSuY6+ga2LIFRZ0xupciOR3Qnyy8Q95lhGTC0FXZUFwC8fl9e8On6IcwasCszS+1n8dtZUWSIynfgdpzw==",
      "requires": {
        "@phosphor/algorithm": "^1.2.0"
      }
    },
    "@phosphor/commands": {
      "version": "1.7.2",
      "resolved": "https://registry.npmjs.org/@phosphor/commands/-/commands-1.7.2.tgz",
      "integrity": "sha512-iSyBIWMHsus323BVEARBhuVZNnVel8USo+FIPaAxGcq+icTSSe6+NtSxVQSmZblGN6Qm4iw6I6VtiSx0e6YDgQ==",
      "requires": {
        "@phosphor/algorithm": "^1.2.0",
        "@phosphor/coreutils": "^1.3.1",
        "@phosphor/disposable": "^1.3.1",
        "@phosphor/domutils": "^1.1.4",
        "@phosphor/keyboard": "^1.1.3",
        "@phosphor/signaling": "^1.3.1"
      }
    },
    "@phosphor/coreutils": {
      "version": "1.3.1",
      "resolved": "https://registry.npmjs.org/@phosphor/coreutils/-/coreutils-1.3.1.tgz",
      "integrity": "sha512-9OHCn8LYRcPU/sbHm5v7viCA16Uev3gbdkwqoQqlV+EiauDHl70jmeL7XVDXdigl66Dz0LI11C99XOxp+s3zOA=="
    },
    "@phosphor/disposable": {
      "version": "1.3.1",
      "resolved": "https://registry.npmjs.org/@phosphor/disposable/-/disposable-1.3.1.tgz",
      "integrity": "sha512-0NGzoTXTOizWizK/brKKd5EjJhuuEH4903tLika7q6wl/u0tgneJlTh7R+MBVeih0iNxtuJAfBa3IEY6Qmj+Sw==",
      "requires": {
        "@phosphor/algorithm": "^1.2.0",
        "@phosphor/signaling": "^1.3.1"
      }
    },
    "@phosphor/domutils": {
      "version": "1.1.4",
      "resolved": "https://registry.npmjs.org/@phosphor/domutils/-/domutils-1.1.4.tgz",
      "integrity": "sha512-ivwq5TWjQpKcHKXO8PrMl+/cKqbgxPClPiCKc1gwbMd+6hnW5VLwNG0WBzJTxCzXK43HxX18oH+tOZ3E04wc3w=="
    },
    "@phosphor/dragdrop": {
      "version": "1.4.1",
      "resolved": "https://registry.npmjs.org/@phosphor/dragdrop/-/dragdrop-1.4.1.tgz",
      "integrity": "sha512-77paMoubIWk7pdwA2GVFkqba1WP48hTZZvS17N30+KVOeWfSqBL3flPSnW2yC4y6FnOP2PFOCtuPIbQv+pYhCA==",
      "requires": {
        "@phosphor/coreutils": "^1.3.1",
        "@phosphor/disposable": "^1.3.1"
      }
    },
    "@phosphor/keyboard": {
      "version": "1.1.3",
      "resolved": "https://registry.npmjs.org/@phosphor/keyboard/-/keyboard-1.1.3.tgz",
      "integrity": "sha512-dzxC/PyHiD6mXaESRy6PZTd9JeK+diwG1pyngkyUf127IXOEzubTIbu52VSdpGBklszu33ws05BAGDa4oBE4mQ=="
    },
    "@phosphor/messaging": {
      "version": "1.3.0",
      "resolved": "https://registry.npmjs.org/@phosphor/messaging/-/messaging-1.3.0.tgz",
      "integrity": "sha512-k0JE+BTMKlkM335S2AmmJxoYYNRwOdW5jKBqLgjJdGRvUQkM0+2i60ahM45+J23atGJDv9esKUUBINiKHFhLew==",
      "requires": {
        "@phosphor/algorithm": "^1.2.0",
        "@phosphor/collections": "^1.2.0"
      }
    },
    "@phosphor/properties": {
      "version": "1.1.3",
      "resolved": "https://registry.npmjs.org/@phosphor/properties/-/properties-1.1.3.tgz",
      "integrity": "sha512-GiglqzU77s6+tFVt6zPq9uuyu/PLQPFcqZt914ZhJ4cN/7yNI/SLyMzpYZ56IRMXvzK9TUgbRna6URE3XAwFUg=="
    },
    "@phosphor/signaling": {
      "version": "1.3.1",
      "resolved": "https://registry.npmjs.org/@phosphor/signaling/-/signaling-1.3.1.tgz",
      "integrity": "sha512-Eq3wVCPQAhUd9+gUGaYygMr+ov7dhSGblSBXiDzpZlSIfa8OVD4P3cCvYXr/acDTNmZ/gHTcSFO8/n3rDkeXzg==",
      "requires": {
        "@phosphor/algorithm": "^1.2.0"
      }
    },
    "@phosphor/virtualdom": {
      "version": "1.2.0",
      "resolved": "https://registry.npmjs.org/@phosphor/virtualdom/-/virtualdom-1.2.0.tgz",
      "integrity": "sha512-L9mKNhK2XtVjzjuHLG2uYuepSz8uPyu6vhF4EgCP0rt0TiLYaZeHwuNu3XeFbul9DMOn49eBpye/tfQVd4Ks+w==",
      "requires": {
        "@phosphor/algorithm": "^1.2.0"
      }
    },
    "@phosphor/widgets": {
      "version": "1.9.3",
      "resolved": "https://registry.npmjs.org/@phosphor/widgets/-/widgets-1.9.3.tgz",
      "integrity": "sha512-61jsxloDrW/+WWQs8wOgsS5waQ/MSsXBuhONt0o6mtdeL93HVz7CYO5krOoot5owammfF6oX1z0sDaUYIYgcPA==",
      "requires": {
        "@phosphor/algorithm": "^1.2.0",
        "@phosphor/commands": "^1.7.2",
        "@phosphor/coreutils": "^1.3.1",
        "@phosphor/disposable": "^1.3.1",
        "@phosphor/domutils": "^1.1.4",
        "@phosphor/dragdrop": "^1.4.1",
        "@phosphor/keyboard": "^1.1.3",
        "@phosphor/messaging": "^1.3.0",
        "@phosphor/properties": "^1.1.3",
        "@phosphor/signaling": "^1.3.1",
        "@phosphor/virtualdom": "^1.2.0"
      }
    },
    "@types/prop-types": {
      "version": "15.7.3",
      "resolved": "https://registry.npmjs.org/@types/prop-types/-/prop-types-15.7.3.tgz",
      "integrity": "sha512-KfRL3PuHmqQLOG+2tGpRO26Ctg+Cq1E01D2DMriKEATHgWLfeNDmq9e29Q9WIky0dQ3NPkd1mzYH8Lm936Z9qw==",
      "dev": true
    },
    "@types/react": {
      "version": "16.9.19",
      "resolved": "https://registry.npmjs.org/@types/react/-/react-16.9.19.tgz",
      "integrity": "sha512-LJV97//H+zqKWMms0kvxaKYJDG05U2TtQB3chRLF8MPNs+MQh/H1aGlyDUxjaHvu08EAGerdX2z4LTBc7ns77A==",
      "dev": true,
      "requires": {
        "@types/prop-types": "*",
        "csstype": "^2.2.0"
      }
    },
    "balanced-match": {
      "version": "1.0.0",
      "resolved": "https://registry.npmjs.org/balanced-match/-/balanced-match-1.0.0.tgz",
      "integrity": "sha1-ibTRmasr7kneFk6gK4nORi1xt2c=",
      "dev": true
    },
    "brace-expansion": {
      "version": "1.1.11",
      "resolved": "https://registry.npmjs.org/brace-expansion/-/brace-expansion-1.1.11.tgz",
      "integrity": "sha512-iCuPHDFgrHX7H2vEI/5xpz07zSHB00TpugqhmYtVmMO6518mCuRMoOYFldEBl0g187ufozdaHgWKcYFb61qGiA==",
      "dev": true,
      "requires": {
        "balanced-match": "^1.0.0",
        "concat-map": "0.0.1"
      }
    },
    "concat-map": {
      "version": "0.0.1",
      "resolved": "https://registry.npmjs.org/concat-map/-/concat-map-0.0.1.tgz",
      "integrity": "sha1-2Klr13/Wjfd5OnMDajug1UBdR3s=",
      "dev": true
    },
    "csstype": {
      "version": "2.6.9",
      "resolved": "https://registry.npmjs.org/csstype/-/csstype-2.6.9.tgz",
      "integrity": "sha512-xz39Sb4+OaTsULgUERcCk+TJj8ylkL4aSVDQiX/ksxbELSqwkgt4d4RD7fovIdgJGSuNYqwZEiVjYY5l0ask+Q==",
      "dev": true
    },
    "fs.realpath": {
      "version": "1.0.0",
      "resolved": "https://registry.npmjs.org/fs.realpath/-/fs.realpath-1.0.0.tgz",
      "integrity": "sha1-FQStJSMVjKpA20onh8sBQRmU6k8=",
      "dev": true
    },
    "glob": {
      "version": "7.1.6",
      "resolved": "https://registry.npmjs.org/glob/-/glob-7.1.6.tgz",
      "integrity": "sha512-LwaxwyZ72Lk7vZINtNNrywX0ZuLyStrdDtabefZKAY5ZGJhVtgdznluResxNmPitE0SAO+O26sWTHeKSI2wMBA==",
      "dev": true,
      "requires": {
        "fs.realpath": "^1.0.0",
        "inflight": "^1.0.4",
        "inherits": "2",
        "minimatch": "^3.0.4",
        "once": "^1.3.0",
        "path-is-absolute": "^1.0.0"
      }
    },
    "inflight": {
      "version": "1.0.6",
      "resolved": "https://registry.npmjs.org/inflight/-/inflight-1.0.6.tgz",
      "integrity": "sha1-Sb1jMdfQLQwJvJEKEHW6gWW1bfk=",
      "dev": true,
      "requires": {
        "once": "^1.3.0",
        "wrappy": "1"
      }
    },
    "inherits": {
      "version": "2.0.4",
      "resolved": "https://registry.npmjs.org/inherits/-/inherits-2.0.4.tgz",
      "integrity": "sha512-k/vGaX4/Yla3WzyMCvTQOXYeIHvqOKtnqBduzTHpzpQZzAskKMhZ2K+EnBiSM9zGSoIFeMpXKxa4dYeZIQqewQ==",
      "dev": true
    },
    "minimatch": {
      "version": "3.0.4",
      "resolved": "https://registry.npmjs.org/minimatch/-/minimatch-3.0.4.tgz",
      "integrity": "sha512-yJHVQEhyqPLUTgt9B83PXu6W3rx4MvvHvSUvToogpwoGDOUQ+yDrR0HRot+yOCdCO7u4hX3pWft6kWBBcqh0UA==",
      "dev": true,
      "requires": {
        "brace-expansion": "^1.1.7"
      }
    },
    "once": {
      "version": "1.4.0",
      "resolved": "https://registry.npmjs.org/once/-/once-1.4.0.tgz",
      "integrity": "sha1-WDsap3WWHUsROsF9nFC6753Xa9E=",
      "dev": true,
      "requires": {
        "wrappy": "1"
      }
    },
    "path-is-absolute": {
      "version": "1.0.1",
      "resolved": "https://registry.npmjs.org/path-is-absolute/-/path-is-absolute-1.0.1.tgz",
      "integrity": "sha1-F0uSaHNVNP+8es5r9TpanhtcX18=",
      "dev": true
    },
    "rimraf": {
      "version": "2.7.1",
      "resolved": "https://registry.npmjs.org/rimraf/-/rimraf-2.7.1.tgz",
      "integrity": "sha512-uWjbaKIK3T1OSVptzX7Nl6PvQ3qAGtKEtVRjRuazjfL3Bx5eI409VZSqgND+4UNnmzLVdPj9FqFJNPqBZFve4w==",
      "dev": true,
      "requires": {
        "glob": "^7.1.3"
      }
    },
    "three": {
      "version": "0.125.0",
      "resolved": "https://registry.npmjs.org/three/-/three-0.125.0.tgz",
      "integrity": "sha512-qL36qUGsPQ/Ofo/RZdXwHwM7A8wzUSAIyawtjIebJSPvounUQeneSqxI0aBY2iwKpseGy+RUtj3C5f/z4poyXw=="
    },
    "typescript": {
      "version": "3.7.5",
      "resolved": "https://registry.npmjs.org/typescript/-/typescript-3.7.5.tgz",
      "integrity": "sha512-/P5lkRXkWHNAbcJIiHPfRoKqyd7bsyCma1hZNUGfn20qm64T6ZBlrzprymeu918H+mB/0rIg2gGK/BXkhhYgBw==",
      "dev": true
    },
    "wrappy": {
      "version": "1.0.2",
      "resolved": "https://registry.npmjs.org/wrappy/-/wrappy-1.0.2.tgz",
      "integrity": "sha1-tSQ9jz7BqjXxNkYFvA0QNuMKtp8=",
      "dev": true
    }
  }
}
